
Microsoft Visual Studio Solution File, Format Version 12.00
# Visual Studio Version 17
VisualStudioVersion = 17.10.35122.118
MinimumVisualStudioVersion = 10.0.40219.1
Project("{FAE04EC0-301F-11D3-BF4B-00C04F79EFBC}") = "PracticeTryCatch", "PracticeTryCatch\PracticeTryCatch.csproj", "{895FCE9E-29DD-4118-A620-A0CEEB82759A}"
EndProject
Global
	GlobalSection(SolutionConfigurationPlatforms) = preSolution
		Debug|Any CPU = Debug|Any CPU
		Release|Any CPU = Release|Any CPU
	EndGlobalSection
	GlobalSection(ProjectConfigurationPlatforms) = postSolution
		{895FCE9E-29DD-4118-A620-A0CEEB82759A}.Debug|Any CPU.ActiveCfg = Debug|Any CPU
		{895FCE9E-29DD-4118-A620-A0CEEB82759A}.Debug|Any CPU.Build.0 = Debug|Any CPU
		{895FCE9E-29DD-4118-A620-A0CEEB82759A}.Release|Any CPU.ActiveCfg = Release|Any CPU
		{895FCE9E-29DD-4118-A620-A0CEEB82759A}.Release|Any CPU.Build.0 = Release|Any CPU
	EndGlobalSection
	GlobalSection(SolutionProperties) = preSolution
		HideSolutionNode = FALSE
	EndGlobalSection
	GlobalSection(ExtensibilityGlobals) = postSolution
		SolutionGuid = {E8B20086-1AE4-4111-83A4-9D57B7937DC6}
	EndGlobalSection
EndGlobal
